
Microsoft Visual Studio Solution File, Format Version 12.00
# Visual Studio Version 16
VisualStudioVersion = 16.0.30611.23
MinimumVisualStudioVersion = 10.0.40219.1
Project("{FAE04EC0-301F-11D3-BF4B-00C04F79EFBC}") = "PeliculasAPI", "PeliculasAPI\PeliculasAPI.csproj", "{11514A3B-42A1-4AAA-B1A8-5481F57C0CA4}"
EndProject
Global
	GlobalSection(SolutionConfigurationPlatforms) = preSolution
		Debug|Any CPU = Debug|Any CPU
		Release|Any CPU = Release|Any CPU
	EndGlobalSection
	GlobalSection(ProjectConfigurationPlatforms) = postSolution
		{11514A3B-42A1-4AAA-B1A8-5481F57C0CA4}.Debug|Any CPU.ActiveCfg = Debug|Any CPU
		{11514A3B-42A1-4AAA-B1A8-5481F57C0CA4}.Debug|Any CPU.Build.0 = Debug|Any CPU
		{11514A3B-42A1-4AAA-B1A8-5481F57C0CA4}.Release|Any CPU.ActiveCfg = Release|Any CPU
		{11514A3B-42A1-4AAA-B1A8-5481F57C0CA4}.Release|Any CPU.Build.0 = Release|Any CPU
	EndGlobalSection
	GlobalSection(SolutionProperties) = preSolution
		HideSolutionNode = FALSE
	EndGlobalSection
	GlobalSection(ExtensibilityGlobals) = postSolution
		SolutionGuid = {B94B4372-EB76-400F-85EC-D19C382CC8B1}
	EndGlobalSection
EndGlobal
